
Microsoft Visual Studio Solution File, Format Version 12.00
# Visual Studio 15
Project("{FAE04EC0-301F-11D3-BF4B-00C04F79EFBC}") = "Unity.2D.Tilemap.Extras", "Unity.2D.Tilemap.Extras.csproj", "{F5781E5D-46C1-01BC-EA36-1EA6850BA27C}"
EndProject
Project("{FAE04EC0-301F-11D3-BF4B-00C04F79EFBC}") = "Unity.2D.Tilemap.Extras.Editor", "Unity.2D.Tilemap.Extras.Editor.csproj", "{AD8ED570-6FCE-E19E-20A5-91D883AFC019}"
EndProject
Project("{FAE04EC0-301F-11D3-BF4B-00C04F79EFBC}") = "Unity.2D.Tilemap.Extras.Placeholder.EditorTests", "Unity.2D.Tilemap.Extras.Placeholder.EditorTests.csproj", "{A6BD3B79-D6E8-A9C7-CEDE-317BB20DACD1}"
EndProject
Global
	GlobalSection(SolutionConfigurationPlatforms) = preSolution
		Debug|Any CPU = Debug|Any CPU
		Release|Any CPU = Release|Any CPU
	EndGlobalSection
	GlobalSection(ProjectConfigurationPlatforms) = postSolution
		{F5781E5D-46C1-01BC-EA36-1EA6850BA27C}.Debug|Any CPU.ActiveCfg = Debug|Any CPU
		{F5781E5D-46C1-01BC-EA36-1EA6850BA27C}.Debug|Any CPU.Build.0 = Debug|Any CPU
		{F5781E5D-46C1-01BC-EA36-1EA6850BA27C}.Release|Any CPU.ActiveCfg = Release|Any CPU
		{F5781E5D-46C1-01BC-EA36-1EA6850BA27C}.Release|Any CPU.Build.0 = Release|Any CPU
		{AD8ED570-6FCE-E19E-20A5-91D883AFC019}.Debug|Any CPU.ActiveCfg = Debug|Any CPU
		{AD8ED570-6FCE-E19E-20A5-91D883AFC019}.Debug|Any CPU.Build.0 = Debug|Any CPU
		{AD8ED570-6FCE-E19E-20A5-91D883AFC019}.Release|Any CPU.ActiveCfg = Release|Any CPU
		{AD8ED570-6FCE-E19E-20A5-91D883AFC019}.Release|Any CPU.Build.0 = Release|Any CPU
		{A6BD3B79-D6E8-A9C7-CEDE-317BB20DACD1}.Debug|Any CPU.ActiveCfg = Debug|Any CPU
		{A6BD3B79-D6E8-A9C7-CEDE-317BB20DACD1}.Debug|Any CPU.Build.0 = Debug|Any CPU
		{A6BD3B79-D6E8-A9C7-CEDE-317BB20DACD1}.Release|Any CPU.ActiveCfg = Release|Any CPU
		{A6BD3B79-D6E8-A9C7-CEDE-317BB20DACD1}.Release|Any CPU.Build.0 = Release|Any CPU
	EndGlobalSection
	GlobalSection(SolutionProperties) = preSolution
		HideSolutionNode = FALSE
	EndGlobalSection
EndGlobal
